// !$*UTF8*$!
{
	archiveVersion = 1;
	classes = {
	};
	objectVersion = 50;
	objects = {

/* Begin PBXBuildFile section */
		4F21754D24C35A6E00A308A9 /* AppDelegate.swift in Sources */ = {isa = PBXBuildFile; fileRef = 4F21754C24C35A6E00A308A9 /* AppDelegate.swift */; };
		4F21754F24C35A7A00A308A9 /* Assets.xcassets in Resources */ = {isa = PBXBuildFile; fileRef = 4F21754E24C35A7A00A308A9 /* Assets.xcassets */; };
		4F21755324C35A8D00A308A9 /* LaunchScreen.storyboard in Resources */ = {isa = PBXBuildFile; fileRef = 4F21755224C35A8D00A308A9 /* LaunchScreen.storyboard */; };
		4F21755524C35A9600A308A9 /* Main.storyboard in Resources */ = {isa = PBXBuildFile; fileRef = 4F21755424C35A9600A308A9 /* Main.storyboard */; };
		4F21755B24C35A9D00A308A9 /* SceneDelegate.swift in Sources */ = {isa = PBXBuildFile; fileRef = 4F21755624C35A9D00A308A9 /* SceneDelegate.swift */; };
		4F21755C24C35A9D00A308A9 /* SettingsViewController.swift in Sources */ = {isa = PBXBuildFile; fileRef = 4F21755724C35A9D00A308A9 /* SettingsViewController.swift */; };
		4F21755D24C35A9D00A308A9 /* MainViewController.swift in Sources */ = {isa = PBXBuildFile; fileRef = 4F21755824C35A9D00A308A9 /* MainViewController.swift */; };
		4F21755E24C35A9D00A308A9 /* NameViewController.swift in Sources */ = {isa = PBXBuildFile; fileRef = 4F21755924C35A9D00A308A9 /* NameViewController.swift */; };
		4F21755F24C35A9D00A308A9 /* NewMainViewController.swift in Sources */ = {isa = PBXBuildFile; fileRef = 4F21755A24C35A9D00A308A9 /* NewMainViewController.swift */; };
/* End PBXBuildFile section */

/* Begin PBXFileReference section */
		4F21753424C35A3500A308A9 /* Your Thoughts.app */ = {isa = PBXFileReference; explicitFileType = wrapper.application; includeInIndex = 0; path = "Your Thoughts.app"; sourceTree = BUILT_PRODUCTS_DIR; };
		4F21754B24C35A6D00A308A9 /* Your Thoughts-Bridging-Header.h */ = {isa = PBXFileReference; lastKnownFileType = sourcecode.c.h; path = "Your Thoughts-Bridging-Header.h"; sourceTree = "<group>"; };
		4F21754C24C35A6E00A308A9 /* AppDelegate.swift */ = {isa = PBXFileReference; fileEncoding = 4; lastKnownFileType = sourcecode.swift; path = AppDelegate.swift; sourceTree = "<group>"; };
		4F21754E24C35A7A00A308A9 /* Assets.xcassets */ = {isa = PBXFileReference; lastKnownFileType = folder.assetcatalog; path = Assets.xcassets; sourceTree = "<group>"; };
		4F21755024C35A8900A308A9 /* Info.plist */ = {isa = PBXFileReference; fileEncoding = 4; lastKnownFileType = text.plist.xml; path = Info.plist; sourceTree = "<group>"; };
		4F21755224C35A8D00A308A9 /* LaunchScreen.storyboard */ = {isa = PBXFileReference; fileEncoding = 4; lastKnownFileType = file.storyboard; path = LaunchScreen.storyboard; sourceTree = "<group>"; };
		4F21755424C35A9600A308A9 /* Main.storyboard */ = {isa = PBXFileReference; fileEncoding = 4; lastKnownFileType = file.storyboard; path = Main.storyboard; sourceTree = "<group>"; };
		4F21755624C35A9D00A308A9 /* SceneDelegate.swift */ = {isa = PBXFileReference; fileEncoding = 4; lastKnownFileType = sourcecode.swift; path = SceneDelegate.swift; sourceTree = "<group>"; };
		4F21755724C35A9D00A308A9 /* SettingsViewController.swift */ = {isa = PBXFileReference; fileEncoding = 4; lastKnownFileType = sourcecode.swift; path = SettingsViewController.swift; sourceTree = "<group>"; };
		4F21755824C35A9D00A308A9 /* MainViewController.swift */ = {isa = PBXFileReference; fileEncoding = 4; lastKnownFileType = sourcecode.swift; path = MainViewController.swift; sourceTree = "<group>"; };
		4F21755924C35A9D00A308A9 /* NameViewController.swift */ = {isa = PBXFileReference; fileEncoding = 4; lastKnownFileType = sourcecode.swift; path = NameViewController.swift; sourceTree = "<group>"; };
		4F21755A24C35A9D00A308A9 /* NewMainViewController.swift */ = {isa = PBXFileReference; fileEncoding = 4; lastKnownFileType = sourcecode.swift; path = NewMainViewController.swift; sourceTree = "<group>"; };
/* End PBXFileReference section */

/* Begin PBXFrameworksBuildPhase section */
		4F21753124C35A3500A308A9 /* Frameworks */ = {
			isa = PBXFrameworksBuildPhase;
			buildActionMask = 2147483647;
			files = (
			);
			runOnlyForDeploymentPostprocessing = 0;
		};
/* End PBXFrameworksBuildPhase section */

/* Begin PBXGroup section */
		4F21752B24C35A3500A308A9 = {
			isa = PBXGroup;
			children = (
				4F21753624C35A3500A308A9 /* Your Thoughts */,
				4F21753524C35A3500A308A9 /* Products */,
			);
			sourceTree = "<group>";
		};
		4F21753524C35A3500A308A9 /* Products */ = {
			isa = PBXGroup;
			children = (
				4F21753424C35A3500A308A9 /* Your Thoughts.app */,
			);
			name = Products;
			sourceTree = "<group>";
		};
		4F21753624C35A3500A308A9 /* Your Thoughts */ = {
			isa = PBXGroup;
			children = (
				4F21755224C35A8D00A308A9 /* LaunchScreen.storyboard */,
				4F21754C24C35A6E00A308A9 /* AppDelegate.swift */,
				4F21754B24C35A6D00A308A9 /* Your Thoughts-Bridging-Header.h */,
				4F21755024C35A8900A308A9 /* Info.plist */,
				4F21754E24C35A7A00A308A9 /* Assets.xcassets */,
				4F21755424C35A9600A308A9 /* Main.storyboard */,
				4F21755824C35A9D00A308A9 /* MainViewController.swift */,
				4F21755924C35A9D00A308A9 /* NameViewController.swift */,
				4F21755A24C35A9D00A308A9 /* NewMainViewController.swift */,
				4F21755624C35A9D00A308A9 /* SceneDelegate.swift */,
				4F21755724C35A9D00A308A9 /* SettingsViewController.swift */,
			);
			path = "Your Thoughts";
			sourceTree = "<group>";
		};
/* End PBXGroup section */

/* Begin PBXNativeTarget section */
		4F21753324C35A3500A308A9 /* Your Thoughts */ = {
			isa = PBXNativeTarget;
			buildConfigurationList = 4F21754824C35A3800A308A9 /* Build configuration list for PBXNativeTarget "Your Thoughts" */;
			buildPhases = (
				4F21753024C35A3500A308A9 /* Sources */,
				4F21753124C35A3500A308A9 /* Frameworks */,
				4F21753224C35A3500A308A9 /* Resources */,
			);
			buildRules = (
			);
			dependencies = (
			);
			name = "Your Thoughts";
			productName = "Your Thoughts";
			productReference = 4F21753424C35A3500A308A9 /* Your Thoughts.app */;
			productType = "com.apple.product-type.application";
		};
/* End PBXNativeTarget section */

/* Begin PBXProject section */
		4F21752C24C35A3500A308A9 /* Project object */ = {
			isa = PBXProject;
			attributes = {
				LastSwiftUpdateCheck = 1200;
				LastUpgradeCheck = 1200;
				TargetAttributes = {
					4F21753324C35A3500A308A9 = {
						CreatedOnToolsVersion = 12.0;
						LastSwiftMigration = 1200;
					};
				};
			};
			buildConfigurationList = 4F21752F24C35A3500A308A9 /* Build configuration list for PBXProject "Your Thoughts" */;
			compatibilityVersion = "Xcode 9.3";
			developmentRegion = en;
			hasScannedForEncodings = 0;
			knownRegions = (
				en,
				Base,
			);
			mainGroup = 4F21752B24C35A3500A308A9;
			productRefGroup = 4F21753524C35A3500A308A9 /* Products */;
			projectDirPath = "";
			projectRoot = "";
			targets = (
				4F21753324C35A3500A308A9 /* Your Thoughts */,
			);
		};
/* End PBXProject section */

/* Begin PBXResourcesBuildPhase section */
		4F21753224C35A3500A308A9 /* Resources */ = {
			isa = PBXResourcesBuildPhase;
			buildActionMask = 2147483647;
			files = (
				4F21755324C35A8D00A308A9 /* LaunchScreen.storyboard in Resources */,
				4F21754F24C35A7A00A308A9 /* Assets.xcassets in Resources */,
				4F21755524C35A9600A308A9 /* Main.storyboard in Resources */,
			);
			runOnlyForDeploymentPostprocessing = 0;
		};
/* End PBXResourcesBuildPhase section */

/* Begin PBXSourcesBuildPhase section */
		4F21753024C35A3500A308A9 /* Sources */ = {
			isa = PBXSourcesBuildPhase;
			buildActionMask = 2147483647;
			files = (
				4F21755F24C35A9D00A308A9 /* NewMainViewController.swift in Sources */,
				4F21754D24C35A6E00A308A9 /* AppDelegate.swift in Sources */,
				4F21755B24C35A9D00A308A9 /* SceneDelegate.swift in Sources */,
				4F21755C24C35A9D00A308A9 /* SettingsViewController.swift in Sources */,
				4F21755D24C35A9D00A308A9 /* MainViewController.swift in Sources */,
				4F21755E24C35A9D00A308A9 /* NameViewController.swift in Sources */,
			);
			runOnlyForDeploymentPostprocessing = 0;
		};
/* End PBXSourcesBuildPhase section */

/* Begin XCBuildConfiguration section */
		4F21754624C35A3800A308A9 /* Debug */ = {
			isa = XCBuildConfiguration;
			buildSettings = {
				ALWAYS_SEARCH_USER_PATHS = NO;
				CLANG_ANALYZER_NONNULL = YES;
				CLANG_ANALYZER_NUMBER_OBJECT_CONVERSION = YES_AGGRESSIVE;
				CLANG_CXX_LANGUAGE_STANDARD = "gnu++14";
				CLANG_CXX_LIBRARY = "libc++";
				CLANG_ENABLE_MODULES = YES;
				CLANG_ENABLE_OBJC_ARC = YES;
				CLANG_ENABLE_OBJC_WEAK = YES;
				CLANG_WARN_BLOCK_CAPTURE_AUTORELEASING = YES;
				CLANG_WARN_BOOL_CONVERSION = YES;
				CLANG_WARN_COMMA = YES;
				CLANG_WARN_CONSTANT_CONVERSION = YES;
				CLANG_WARN_DEPRECATED_OBJC_IMPLEMENTATIONS = YES;
				CLANG_WARN_DIRECT_OBJC_ISA_USAGE = YES_ERROR;
				CLANG_WARN_DOCUMENTATION_COMMENTS = YES;
				CLANG_WARN_EMPTY_BODY = YES;
				CLANG_WARN_ENUM_CONVERSION = YES;
				CLANG_WARN_INFINITE_RECURSION = YES;
				CLANG_WARN_INT_CONVERSION = YES;
				CLANG_WARN_NON_LITERAL_NULL_CONVERSION = YES;
				CLANG_WARN_OBJC_IMPLICIT_RETAIN_SELF = YES;
				CLANG_WARN_OBJC_LITERAL_CONVERSION = YES;
				CLANG_WARN_OBJC_ROOT_CLASS = YES_ERROR;
				CLANG_WARN_QUOTED_INCLUDE_IN_FRAMEWORK_HEADER = YES;
				CLANG_WARN_RANGE_LOOP_ANALYSIS = YES;
				CLANG_WARN_STRICT_PROTOTYPES = YES;
				CLANG_WARN_SUSPICIOUS_MOVE = YES;
				CLANG_WARN_UNGUARDED_AVAILABILITY = YES_AGGRESSIVE;
				CLANG_WARN_UNREACHABLE_CODE = YES;
				CLANG_WARN__DUPLICATE_METHOD_MATCH = YES;
				COPY_PHASE_STRIP = NO;
				DEBUG_INFORMATION_FORMAT = dwarf;
				ENABLE_STRICT_OBJC_MSGSEND = YES;
				ENABLE_TESTABILITY = YES;
				GCC_C_LANGUAGE_STANDARD = gnu11;
				GCC_DYNAMIC_NO_PIC = NO;
				GCC_NO_COMMON_BLOCKS = YES;
				GCC_OPTIMIZATION_LEVEL = 0;
				GCC_PREPROCESSOR_DEFINITIONS = (
					"DEBUG=1",
					"$(inherited)",
				);
				GCC_WARN_64_TO_32_BIT_CONVERSION = YES;
				GCC_WARN_ABOUT_RETURN_TYPE = YES_ERROR;
				GCC_WARN_UNDECLARED_SELECTOR = YES;
				GCC_WARN_UNINITIALIZED_AUTOS = YES_AGGRESSIVE;
				GCC_WARN_UNUSED_FUNCTION = YES;
				GCC_WARN_UNUSED_VARIABLE = YES;
				IPHONEOS_DEPLOYMENT_TARGET = 14.0;
				MTL_ENABLE_DEBUG_INFO = INCLUDE_SOURCE;
				MTL_FAST_MATH = YES;
				ONLY_ACTIVE_ARCH = YES;
				SDKROOT = iphoneos;
				SWIFT_ACTIVE_COMPILATION_CONDITIONS = DEBUG;
				SWIFT_OPTIMIZATION_LEVEL = "-Onone";
			};
			name = Debug;
		};
		4F21754724C35A3800A308A9 /* Release */ = {
			isa = XCBuildConfiguration;
			buildSettings = {
				ALWAYS_SEARCH_USER_PATHS = NO;
				CLANG_ANALYZER_NONNULL = YES;
				CLANG_ANALYZER_NUMBER_OBJECT_CONVERSION = YES_AGGRESSIVE;
				CLANG_CXX_LANGUAGE_STANDARD = "gnu++14";
				CLANG_CXX_LIBRARY = "libc++";
				CLANG_ENABLE_MODULES = YES;
				CLANG_ENABLE_OBJC_ARC = YES;
				CLANG_ENABLE_OBJC_WEAK = YES;
				CLANG_WARN_BLOCK_CAPTURE_AUTORELEASING = YES;
				CLANG_WARN_BOOL_CONVERSION = YES;
				CLANG_WARN_COMMA = YES;
				CLANG_WARN_CONSTANT_CONVERSION = YES;
				CLANG_WARN_DEPRECATED_OBJC_IMPLEMENTATIONS = YES;
				CLANG_WARN_DIRECT_OBJC_ISA_USAGE = YES_ERROR;
				CLANG_WARN_DOCUMENTATION_COMMENTS = YES;
				CLANG_WARN_EMPTY_BODY = YES;
				CLANG_WARN_ENUM_CONVERSION = YES;
				CLANG_WARN_INFINITE_RECURSION = YES;
				CLANG_WARN_INT_CONVERSION = YES;
				CLANG_WARN_NON_LITERAL_NULL_CONVERSION = YES;
				CLANG_WARN_OBJC_IMPLICIT_RETAIN_SELF = YES;
				CLANG_WARN_OBJC_LITERAL_CONVERSION = YES;
				CLANG_WARN_OBJC_ROOT_CLASS = YES_ERROR;
				CLANG_WARN_QUOTED_INCLUDE_IN_FRAMEWORK_HEADER = YES;
				CLANG_WARN_RANGE_LOOP_ANALYSIS = YES;
				CLANG_WARN_STRICT_PROTOTYPES = YES;
				CLANG_WARN_SUSPICIOUS_MOVE = YES;
				CLANG_WARN_UNGUARDED_AVAILABILITY = YES_AGGRESSIVE;
				CLANG_WARN_UNREACHABLE_CODE = YES;
				CLANG_WARN__DUPLICATE_METHOD_MATCH = YES;
				COPY_PHASE_STRIP = NO;
				DEBUG_INFORMATION_FORMAT = "dwarf-with-dsym";
				ENABLE_NS_ASSERTIONS = NO;
				ENABLE_STRICT_OBJC_MSGSEND = YES;
				GCC_C_LANGUAGE_STANDARD = gnu11;
				GCC_NO_COMMON_BLOCKS = YES;
				GCC_WARN_64_TO_32_BIT_CONVERSION = YES;
				GCC_WARN_ABOUT_RETURN_TYPE = YES_ERROR;
				GCC_WARN_UNDECLARED_SELECTOR = YES;
				GCC_WARN_UNINITIALIZED_AUTOS = YES_AGGRESSIVE;
				GCC_WARN_UNUSED_FUNCTION = YES;
				GCC_WARN_UNUSED_VARIABLE = YES;
				IPHONEOS_DEPLOYMENT_TARGET = 14.0;
				MTL_ENABLE_DEBUG_INFO = NO;
				MTL_FAST_MATH = YES;
				SDKROOT = iphoneos;
				SWIFT_COMPILATION_MODE = wholemodule;
				SWIFT_OPTIMIZATION_LEVEL = "-O";
				VALIDATE_PRODUCT = YES;
			};
			name = Release;
		};
		4F21754924C35A3800A308A9 /* Debug */ = {
			isa = XCBuildConfiguration;
			buildSettings = {
				ASSETCATALOG_COMPILER_APPICON_NAME = AppIcon;
				ASSETCATALOG_COMPILER_GLOBAL_ACCENT_COLOR_NAME = AccentColor;
				CLANG_ENABLE_MODULES = YES;
				CODE_SIGN_STYLE = Automatic;
				CURRENT_PROJECT_VERSION = 1;
				DEVELOPMENT_TEAM = TAZG5QA452;
				INFOPLIST_FILE = "Your Thoughts/Info.plist";
				IPHONEOS_DEPLOYMENT_TARGET = 13.0;
				LD_RUNPATH_SEARCH_PATHS = (
					"$(inherited)",
					"@executable_path/Frameworks",
				);
				PRODUCT_BUNDLE_IDENTIFIER = "VelocityApps.Your-Thoughts";
				PRODUCT_NAME = "$(TARGET_NAME)";
				SWIFT_OBJC_BRIDGING_HEADER = "Your Thoughts/Your Thoughts-Bridging-Header.h";
				SWIFT_OPTIMIZATION_LEVEL = "-Onone";
				SWIFT_VERSION = 5.0;
				TARGETED_DEVICE_FAMILY = "1,2";
			};
			name = Debug;
		};
		4F21754A24C35A3800A308A9 /* Release */ = {
			isa = XCBuildConfiguration;
			buildSettings = {
				ASSETCATALOG_COMPILER_APPICON_NAME = AppIcon;
				ASSETCATALOG_COMPILER_GLOBAL_ACCENT_COLOR_NAME = AccentColor;
				CLANG_ENABLE_MODULES = YES;
				CODE_SIGN_STYLE = Automatic;
				CURRENT_PROJECT_VERSION = 1;
				DEVELOPMENT_TEAM = TAZG5QA452;
				INFOPLIST_FILE = "Your Thoughts/Info.plist";
				IPHONEOS_DEPLOYMENT_TARGET = 13.0;
				LD_RUNPATH_SEARCH_PATHS = (
					"$(inherited)",
					"@executable_path/Frameworks",
				);
				PRODUCT_BUNDLE_IDENTIFIER = "VelocityApps.Your-Thoughts";
				PRODUCT_NAME = "$(TARGET_NAME)";
				SWIFT_OBJC_BRIDGING_HEADER = "Your Thoughts/Your Thoughts-Bridging-Header.h";
				SWIFT_VERSION = 5.0;
				TARGETED_DEVICE_FAMILY = "1,2";
			};
			name = Release;
		};
/* End XCBuildConfiguration section */

/* Begin XCConfigurationList section */
		4F21752F24C35A3500A308A9 /* Build configuration list for PBXProject "Your Thoughts" */ = {
			isa = XCConfigurationList;
			buildConfigurations = (
				4F21754624C35A3800A308A9 /* Debug */,
				4F21754724C35A3800A308A9 /* Release */,
			);
			defaultConfigurationIsVisible = 0;
			defaultConfigurationName = Release;
		};
		4F21754824C35A3800A308A9 /* Build configuration list for PBXNativeTarget "Your Thoughts" */ = {
			isa = XCConfigurationList;
			buildConfigurations = (
				4F21754924C35A3800A308A9 /* Debug */,
				4F21754A24C35A3800A308A9 /* Release */,
			);
			defaultConfigurationIsVisible = 0;
			defaultConfigurationName = Release;
		};
/* End XCConfigurationList section */
	};
	rootObject = 4F21752C24C35A3500A308A9 /* Project object */;
}
