// !$*UTF8*$!
{
	archiveVersion = 1;
	classes = {
	};
	objectVersion = 51;
	objects = {

/* Begin PBXBuildFile section */
		4FB6A5ED24E00839008E6BAF /* AppDelegate.swift in Sources */ = {isa = PBXBuildFile; fileRef = 4FB6A5EC24E00839008E6BAF /* AppDelegate.swift */; };
		4FB6A5EF24E00839008E6BAF /* SceneDelegate.swift in Sources */ = {isa = PBXBuildFile; fileRef = 4FB6A5EE24E00839008E6BAF /* SceneDelegate.swift */; };
		4FB6A5F124E00839008E6BAF /* HomeVC.swift in Sources */ = {isa = PBXBuildFile; fileRef = 4FB6A5F024E00839008E6BAF /* HomeVC.swift */; };
		4FB6A5F424E00839008E6BAF /* Main.storyboard in Resources */ = {isa = PBXBuildFile; fileRef = 4FB6A5F224E00839008E6BAF /* Main.storyboard */; };
		4FB6A5F624E0083D008E6BAF /* Assets.xcassets in Resources */ = {isa = PBXBuildFile; fileRef = 4FB6A5F524E0083D008E6BAF /* Assets.xcassets */; };
		4FB6A5F924E0083D008E6BAF /* LaunchScreen.storyboard in Resources */ = {isa = PBXBuildFile; fileRef = 4FB6A5F724E0083D008E6BAF /* LaunchScreen.storyboard */; };
		4FB6A61E24E01625008E6BAF /* icon-animated.gif in Resources */ = {isa = PBXBuildFile; fileRef = 4FB6A61D24E01625008E6BAF /* icon-animated.gif */; };
		4FD2DFB524E5402F0030321E /* NameVC.swift in Sources */ = {isa = PBXBuildFile; fileRef = 4FD2DFB424E5402F0030321E /* NameVC.swift */; };
/* End PBXBuildFile section */

/* Begin PBXContainerItemProxy section */
		4FB6A60024E0083D008E6BAF /* PBXContainerItemProxy */ = {
			isa = PBXContainerItemProxy;
			containerPortal = 4FB6A5E124E00839008E6BAF /* Project object */;
			proxyType = 1;
			remoteGlobalIDString = 4FB6A5E824E00839008E6BAF;
			remoteInfo = "Your Thoughts";
		};
		4FB6A60B24E0083D008E6BAF /* PBXContainerItemProxy */ = {
			isa = PBXContainerItemProxy;
			containerPortal = 4FB6A5E124E00839008E6BAF /* Project object */;
			proxyType = 1;
			remoteGlobalIDString = 4FB6A5E824E00839008E6BAF;
			remoteInfo = "Your Thoughts";
		};
/* End PBXContainerItemProxy section */

/* Begin PBXFileReference section */
		4FB6A5E924E00839008E6BAF /* Your Thoughts.app */ = {isa = PBXFileReference; explicitFileType = wrapper.application; includeInIndex = 0; path = "Your Thoughts.app"; sourceTree = BUILT_PRODUCTS_DIR; };
		4FB6A5EC24E00839008E6BAF /* AppDelegate.swift */ = {isa = PBXFileReference; lastKnownFileType = sourcecode.swift; path = AppDelegate.swift; sourceTree = "<group>"; };
		4FB6A5EE24E00839008E6BAF /* SceneDelegate.swift */ = {isa = PBXFileReference; lastKnownFileType = sourcecode.swift; path = SceneDelegate.swift; sourceTree = "<group>"; };
		4FB6A5F024E00839008E6BAF /* HomeVC.swift */ = {isa = PBXFileReference; lastKnownFileType = sourcecode.swift; path = HomeVC.swift; sourceTree = "<group>"; };
		4FB6A5F324E00839008E6BAF /* Base */ = {isa = PBXFileReference; lastKnownFileType = file.storyboard; name = Base; path = Base.lproj/Main.storyboard; sourceTree = "<group>"; };
		4FB6A5F524E0083D008E6BAF /* Assets.xcassets */ = {isa = PBXFileReference; lastKnownFileType = folder.assetcatalog; path = Assets.xcassets; sourceTree = "<group>"; };
		4FB6A5F824E0083D008E6BAF /* Base */ = {isa = PBXFileReference; lastKnownFileType = file.storyboard; name = Base; path = Base.lproj/LaunchScreen.storyboard; sourceTree = "<group>"; };
		4FB6A5FA24E0083D008E6BAF /* Info.plist */ = {isa = PBXFileReference; lastKnownFileType = text.plist.xml; path = Info.plist; sourceTree = "<group>"; };
		4FB6A5FF24E0083D008E6BAF /* Your ThoughtsTests.xctest */ = {isa = PBXFileReference; explicitFileType = wrapper.cfbundle; includeInIndex = 0; path = "Your ThoughtsTests.xctest"; sourceTree = BUILT_PRODUCTS_DIR; };
		4FB6A60A24E0083D008E6BAF /* Your ThoughtsUITests.xctest */ = {isa = PBXFileReference; explicitFileType = wrapper.cfbundle; includeInIndex = 0; path = "Your ThoughtsUITests.xctest"; sourceTree = BUILT_PRODUCTS_DIR; };
		4FB6A61C24E0084A008E6BAF /* Your Thoughts.entitlements */ = {isa = PBXFileReference; lastKnownFileType = text.plist.entitlements; path = "Your Thoughts.entitlements"; sourceTree = "<group>"; };
		4FB6A61D24E01625008E6BAF /* icon-animated.gif */ = {isa = PBXFileReference; lastKnownFileType = image.gif; path = "icon-animated.gif"; sourceTree = "<group>"; };
		4FD2DFB424E5402F0030321E /* NameVC.swift */ = {isa = PBXFileReference; lastKnownFileType = sourcecode.swift; path = NameVC.swift; sourceTree = "<group>"; };
/* End PBXFileReference section */

/* Begin PBXFrameworksBuildPhase section */
		4FB6A5E624E00839008E6BAF /* Frameworks */ = {
			isa = PBXFrameworksBuildPhase;
			buildActionMask = 2147483647;
			files = (
			);
			runOnlyForDeploymentPostprocessing = 0;
		};
		4FB6A5FC24E0083D008E6BAF /* Frameworks */ = {
			isa = PBXFrameworksBuildPhase;
			buildActionMask = 2147483647;
			files = (
			);
			runOnlyForDeploymentPostprocessing = 0;
		};
		4FB6A60724E0083D008E6BAF /* Frameworks */ = {
			isa = PBXFrameworksBuildPhase;
			buildActionMask = 2147483647;
			files = (
			);
			runOnlyForDeploymentPostprocessing = 0;
		};
/* End PBXFrameworksBuildPhase section */

/* Begin PBXGroup section */
		4FB6A5E024E00839008E6BAF = {
			isa = PBXGroup;
			children = (
				4FB6A5EB24E00839008E6BAF /* Your Thoughts */,
				4FB6A5EA24E00839008E6BAF /* Products */,
			);
			sourceTree = "<group>";
		};
		4FB6A5EA24E00839008E6BAF /* Products */ = {
			isa = PBXGroup;
			children = (
				4FB6A5E924E00839008E6BAF /* Your Thoughts.app */,
				4FB6A5FF24E0083D008E6BAF /* Your ThoughtsTests.xctest */,
				4FB6A60A24E0083D008E6BAF /* Your ThoughtsUITests.xctest */,
			);
			name = Products;
			sourceTree = "<group>";
		};
		4FB6A5EB24E00839008E6BAF /* Your Thoughts */ = {
			isa = PBXGroup;
			children = (
				4FD2DFB124E53FFB0030321E /* Assets */,
				4FD2DFB224E5400B0030321E /* Other */,
				4FD2DFB024E53FF10030321E /* Delegates */,
				4FD2DFAF24E53FE60030321E /* View Controllers */,
				4FD2DFB324E540180030321E /* Storyboards */,
			);
			path = "Your Thoughts";
			sourceTree = "<group>";
		};
		4FD2DFAF24E53FE60030321E /* View Controllers */ = {
			isa = PBXGroup;
			children = (
				4FB6A5F024E00839008E6BAF /* HomeVC.swift */,
				4FD2DFB424E5402F0030321E /* NameVC.swift */,
			);
			path = "View Controllers";
			sourceTree = "<group>";
		};
		4FD2DFB024E53FF10030321E /* Delegates */ = {
			isa = PBXGroup;
			children = (
				4FB6A5EC24E00839008E6BAF /* AppDelegate.swift */,
				4FB6A5EE24E00839008E6BAF /* SceneDelegate.swift */,
			);
			path = Delegates;
			sourceTree = "<group>";
		};
		4FD2DFB124E53FFB0030321E /* Assets */ = {
			isa = PBXGroup;
			children = (
				4FB6A61D24E01625008E6BAF /* icon-animated.gif */,
				4FB6A5F524E0083D008E6BAF /* Assets.xcassets */,
			);
			path = Assets;
			sourceTree = "<group>";
		};
		4FD2DFB224E5400B0030321E /* Other */ = {
			isa = PBXGroup;
			children = (
				4FB6A61C24E0084A008E6BAF /* Your Thoughts.entitlements */,
				4FB6A5FA24E0083D008E6BAF /* Info.plist */,
			);
			path = Other;
			sourceTree = "<group>";
		};
		4FD2DFB324E540180030321E /* Storyboards */ = {
			isa = PBXGroup;
			children = (
				4FB6A5F224E00839008E6BAF /* Main.storyboard */,
				4FB6A5F724E0083D008E6BAF /* LaunchScreen.storyboard */,
			);
			path = Storyboards;
			sourceTree = "<group>";
		};
/* End PBXGroup section */

/* Begin PBXNativeTarget section */
		4FB6A5E824E00839008E6BAF /* Your Thoughts */ = {
			isa = PBXNativeTarget;
			buildConfigurationList = 4FB6A61324E0083D008E6BAF /* Build configuration list for PBXNativeTarget "Your Thoughts" */;
			buildPhases = (
				4FB6A5E524E00839008E6BAF /* Sources */,
				4FB6A5E624E00839008E6BAF /* Frameworks */,
				4FB6A5E724E00839008E6BAF /* Resources */,
			);
			buildRules = (
			);
			dependencies = (
			);
			name = "Your Thoughts";
			productName = "Your Thoughts";
			productReference = 4FB6A5E924E00839008E6BAF /* Your Thoughts.app */;
			productType = "com.apple.product-type.application";
		};
		4FB6A5FE24E0083D008E6BAF /* Your ThoughtsTests */ = {
			isa = PBXNativeTarget;
			buildConfigurationList = 4FB6A61624E0083D008E6BAF /* Build configuration list for PBXNativeTarget "Your ThoughtsTests" */;
			buildPhases = (
				7C970FBB0C968147E6199D4D /* [CP] Check Pods Manifest.lock */,
				4FB6A5FB24E0083D008E6BAF /* Sources */,
				4FB6A5FC24E0083D008E6BAF /* Frameworks */,
				4FB6A5FD24E0083D008E6BAF /* Resources */,
			);
			buildRules = (
			);
			dependencies = (
				4FB6A60124E0083D008E6BAF /* PBXTargetDependency */,
			);
			name = "Your ThoughtsTests";
			productName = "Your ThoughtsTests";
			productReference = 4FB6A5FF24E0083D008E6BAF /* Your ThoughtsTests.xctest */;
			productType = "com.apple.product-type.bundle.unit-test";
		};
		4FB6A60924E0083D008E6BAF /* Your ThoughtsUITests */ = {
			isa = PBXNativeTarget;
			buildConfigurationList = 4FB6A61924E0083D008E6BAF /* Build configuration list for PBXNativeTarget "Your ThoughtsUITests" */;
			buildPhases = (
				90735AF4241CE0F6C4541F4D /* [CP] Check Pods Manifest.lock */,
				4FB6A60624E0083D008E6BAF /* Sources */,
				4FB6A60724E0083D008E6BAF /* Frameworks */,
				4FB6A60824E0083D008E6BAF /* Resources */,
				63D601037FE6AAE7108E084C /* [CP] Embed Pods Frameworks */,
			);
			buildRules = (
			);
			dependencies = (
				4FB6A60C24E0083D008E6BAF /* PBXTargetDependency */,
			);
			name = "Your ThoughtsUITests";
			productName = "Your ThoughtsUITests";
			productReference = 4FB6A60A24E0083D008E6BAF /* Your ThoughtsUITests.xctest */;
			productType = "com.apple.product-type.bundle.ui-testing";
		};
/* End PBXNativeTarget section */

/* Begin PBXProject section */
		4FB6A5E124E00839008E6BAF /* Project object */ = {
			isa = PBXProject;
			attributes = {
				LastSwiftUpdateCheck = 1200;
				LastUpgradeCheck = 1200;
				TargetAttributes = {
					4FB6A5E824E00839008E6BAF = {
						CreatedOnToolsVersion = 12.0;
					};
					4FB6A5FE24E0083D008E6BAF = {
						CreatedOnToolsVersion = 12.0;
						TestTargetID = 4FB6A5E824E00839008E6BAF;
					};
					4FB6A60924E0083D008E6BAF = {
						CreatedOnToolsVersion = 12.0;
						TestTargetID = 4FB6A5E824E00839008E6BAF;
					};
				};
			};
			buildConfigurationList = 4FB6A5E424E00839008E6BAF /* Build configuration list for PBXProject "Your Thoughts" */;
			compatibilityVersion = "Xcode 9.3";
			developmentRegion = en;
			hasScannedForEncodings = 0;
			knownRegions = (
				en,
				Base,
			);
			mainGroup = 4FB6A5E024E00839008E6BAF;
			productRefGroup = 4FB6A5EA24E00839008E6BAF /* Products */;
			projectDirPath = "";
			projectRoot = "";
			targets = (
				4FB6A5E824E00839008E6BAF /* Your Thoughts */,
				4FB6A5FE24E0083D008E6BAF /* Your ThoughtsTests */,
				4FB6A60924E0083D008E6BAF /* Your ThoughtsUITests */,
			);
		};
/* End PBXProject section */

/* Begin PBXResourcesBuildPhase section */
		4FB6A5E724E00839008E6BAF /* Resources */ = {
			isa = PBXResourcesBuildPhase;
			buildActionMask = 2147483647;
			files = (
				4FB6A5F924E0083D008E6BAF /* LaunchScreen.storyboard in Resources */,
				4FB6A5F624E0083D008E6BAF /* Assets.xcassets in Resources */,
				4FB6A61E24E01625008E6BAF /* icon-animated.gif in Resources */,
				4FB6A5F424E00839008E6BAF /* Main.storyboard in Resources */,
			);
			runOnlyForDeploymentPostprocessing = 0;
		};
		4FB6A5FD24E0083D008E6BAF /* Resources */ = {
			isa = PBXResourcesBuildPhase;
			buildActionMask = 2147483647;
			files = (
			);
			runOnlyForDeploymentPostprocessing = 0;
		};
		4FB6A60824E0083D008E6BAF /* Resources */ = {
			isa = PBXResourcesBuildPhase;
			buildActionMask = 2147483647;
			files = (
			);
			runOnlyForDeploymentPostprocessing = 0;
		};
/* End PBXResourcesBuildPhase section */

/* Begin PBXShellScriptBuildPhase section */
		63D601037FE6AAE7108E084C /* [CP] Embed Pods Frameworks */ = {
			isa = PBXShellScriptBuildPhase;
			buildActionMask = 2147483647;
			files = (
			);
			inputFileListPaths = (
				"${PODS_ROOT}/Target Support Files/Pods-Your Thoughts-Your ThoughtsUITests/Pods-Your Thoughts-Your ThoughtsUITests-frameworks-${CONFIGURATION}-input-files.xcfilelist",
			);
			name = "[CP] Embed Pods Frameworks";
			outputFileListPaths = (
				"${PODS_ROOT}/Target Support Files/Pods-Your Thoughts-Your ThoughtsUITests/Pods-Your Thoughts-Your ThoughtsUITests-frameworks-${CONFIGURATION}-output-files.xcfilelist",
			);
			runOnlyForDeploymentPostprocessing = 0;
			shellPath = /bin/sh;
			shellScript = "\"${PODS_ROOT}/Target Support Files/Pods-Your Thoughts-Your ThoughtsUITests/Pods-Your Thoughts-Your ThoughtsUITests-frameworks.sh\"\n";
			showEnvVarsInLog = 0;
		};
		7C970FBB0C968147E6199D4D /* [CP] Check Pods Manifest.lock */ = {
			isa = PBXShellScriptBuildPhase;
			buildActionMask = 2147483647;
			files = (
			);
			inputFileListPaths = (
			);
			inputPaths = (
				"${PODS_PODFILE_DIR_PATH}/Podfile.lock",
				"${PODS_ROOT}/Manifest.lock",
			);
			name = "[CP] Check Pods Manifest.lock";
			outputFileListPaths = (
			);
			outputPaths = (
				"$(DERIVED_FILE_DIR)/Pods-Your ThoughtsTests-checkManifestLockResult.txt",
			);
			runOnlyForDeploymentPostprocessing = 0;
			shellPath = /bin/sh;
			shellScript = "diff \"${PODS_PODFILE_DIR_PATH}/Podfile.lock\" \"${PODS_ROOT}/Manifest.lock\" > /dev/null\nif [ $? != 0 ] ; then\n    # print error to STDERR\n    echo \"error: The sandbox is not in sync with the Podfile.lock. Run 'pod install' or update your CocoaPods installation.\" >&2\n    exit 1\nfi\n# This output is used by Xcode 'outputs' to avoid re-running this script phase.\necho \"SUCCESS\" > \"${SCRIPT_OUTPUT_FILE_0}\"\n";
			showEnvVarsInLog = 0;
		};
		90735AF4241CE0F6C4541F4D /* [CP] Check Pods Manifest.lock */ = {
			isa = PBXShellScriptBuildPhase;
			buildActionMask = 2147483647;
			files = (
			);
			inputFileListPaths = (
			);
			inputPaths = (
				"${PODS_PODFILE_DIR_PATH}/Podfile.lock",
				"${PODS_ROOT}/Manifest.lock",
			);
			name = "[CP] Check Pods Manifest.lock";
			outputFileListPaths = (
			);
			outputPaths = (
				"$(DERIVED_FILE_DIR)/Pods-Your Thoughts-Your ThoughtsUITests-checkManifestLockResult.txt",
			);
			runOnlyForDeploymentPostprocessing = 0;
			shellPath = /bin/sh;
			shellScript = "diff \"${PODS_PODFILE_DIR_PATH}/Podfile.lock\" \"${PODS_ROOT}/Manifest.lock\" > /dev/null\nif [ $? != 0 ] ; then\n    # print error to STDERR\n    echo \"error: The sandbox is not in sync with the Podfile.lock. Run 'pod install' or update your CocoaPods installation.\" >&2\n    exit 1\nfi\n# This output is used by Xcode 'outputs' to avoid re-running this script phase.\necho \"SUCCESS\" > \"${SCRIPT_OUTPUT_FILE_0}\"\n";
			showEnvVarsInLog = 0;
		};
/* End PBXShellScriptBuildPhase section */

/* Begin PBXSourcesBuildPhase section */
		4FB6A5E524E00839008E6BAF /* Sources */ = {
			isa = PBXSourcesBuildPhase;
			buildActionMask = 2147483647;
			files = (
				4FB6A5F124E00839008E6BAF /* HomeVC.swift in Sources */,
				4FD2DFB524E5402F0030321E /* NameVC.swift in Sources */,
				4FB6A5ED24E00839008E6BAF /* AppDelegate.swift in Sources */,
				4FB6A5EF24E00839008E6BAF /* SceneDelegate.swift in Sources */,
			);
			runOnlyForDeploymentPostprocessing = 0;
		};
		4FB6A5FB24E0083D008E6BAF /* Sources */ = {
			isa = PBXSourcesBuildPhase;
			buildActionMask = 2147483647;
			files = (
			);
			runOnlyForDeploymentPostprocessing = 0;
		};
		4FB6A60624E0083D008E6BAF /* Sources */ = {
			isa = PBXSourcesBuildPhase;
			buildActionMask = 2147483647;
			files = (
			);
			runOnlyForDeploymentPostprocessing = 0;
		};
/* End PBXSourcesBuildPhase section */

/* Begin PBXTargetDependency section */
		4FB6A60124E0083D008E6BAF /* PBXTargetDependency */ = {
			isa = PBXTargetDependency;
			target = 4FB6A5E824E00839008E6BAF /* Your Thoughts */;
			targetProxy = 4FB6A60024E0083D008E6BAF /* PBXContainerItemProxy */;
		};
		4FB6A60C24E0083D008E6BAF /* PBXTargetDependency */ = {
			isa = PBXTargetDependency;
			target = 4FB6A5E824E00839008E6BAF /* Your Thoughts */;
			targetProxy = 4FB6A60B24E0083D008E6BAF /* PBXContainerItemProxy */;
		};
/* End PBXTargetDependency section */

/* Begin PBXVariantGroup section */
		4FB6A5F224E00839008E6BAF /* Main.storyboard */ = {
			isa = PBXVariantGroup;
			children = (
				4FB6A5F324E00839008E6BAF /* Base */,
			);
			name = Main.storyboard;
			sourceTree = "<group>";
		};
		4FB6A5F724E0083D008E6BAF /* LaunchScreen.storyboard */ = {
			isa = PBXVariantGroup;
			children = (
				4FB6A5F824E0083D008E6BAF /* Base */,
			);
			name = LaunchScreen.storyboard;
			sourceTree = "<group>";
		};
/* End PBXVariantGroup section */

/* Begin XCBuildConfiguration section */
		4FB6A61124E0083D008E6BAF /* Debug */ = {
			isa = XCBuildConfiguration;
			buildSettings = {
				ALWAYS_SEARCH_USER_PATHS = NO;
				CLANG_ANALYZER_NONNULL = YES;
				CLANG_ANALYZER_NUMBER_OBJECT_CONVERSION = YES_AGGRESSIVE;
				CLANG_CXX_LANGUAGE_STANDARD = "gnu++14";
				CLANG_CXX_LIBRARY = "libc++";
				CLANG_ENABLE_MODULES = YES;
				CLANG_ENABLE_OBJC_ARC = YES;
				CLANG_ENABLE_OBJC_WEAK = YES;
				CLANG_WARN_BLOCK_CAPTURE_AUTORELEASING = YES;
				CLANG_WARN_BOOL_CONVERSION = YES;
				CLANG_WARN_COMMA = YES;
				CLANG_WARN_CONSTANT_CONVERSION = YES;
				CLANG_WARN_DEPRECATED_OBJC_IMPLEMENTATIONS = YES;
				CLANG_WARN_DIRECT_OBJC_ISA_USAGE = YES_ERROR;
				CLANG_WARN_DOCUMENTATION_COMMENTS = YES;
				CLANG_WARN_EMPTY_BODY = YES;
				CLANG_WARN_ENUM_CONVERSION = YES;
				CLANG_WARN_INFINITE_RECURSION = YES;
				CLANG_WARN_INT_CONVERSION = YES;
				CLANG_WARN_NON_LITERAL_NULL_CONVERSION = YES;
				CLANG_WARN_OBJC_IMPLICIT_RETAIN_SELF = YES;
				CLANG_WARN_OBJC_LITERAL_CONVERSION = YES;
				CLANG_WARN_OBJC_ROOT_CLASS = YES_ERROR;
				CLANG_WARN_QUOTED_INCLUDE_IN_FRAMEWORK_HEADER = YES;
				CLANG_WARN_RANGE_LOOP_ANALYSIS = YES;
				CLANG_WARN_STRICT_PROTOTYPES = YES;
				CLANG_WARN_SUSPICIOUS_MOVE = YES;
				CLANG_WARN_UNGUARDED_AVAILABILITY = YES_AGGRESSIVE;
				CLANG_WARN_UNREACHABLE_CODE = YES;
				CLANG_WARN__DUPLICATE_METHOD_MATCH = YES;
				COPY_PHASE_STRIP = NO;
				DEBUG_INFORMATION_FORMAT = dwarf;
				ENABLE_STRICT_OBJC_MSGSEND = YES;
				ENABLE_TESTABILITY = YES;
				GCC_C_LANGUAGE_STANDARD = gnu11;
				GCC_DYNAMIC_NO_PIC = NO;
				GCC_NO_COMMON_BLOCKS = YES;
				GCC_OPTIMIZATION_LEVEL = 0;
				GCC_PREPROCESSOR_DEFINITIONS = (
					"DEBUG=1",
					"$(inherited)",
				);
				GCC_WARN_64_TO_32_BIT_CONVERSION = YES;
				GCC_WARN_ABOUT_RETURN_TYPE = YES_ERROR;
				GCC_WARN_UNDECLARED_SELECTOR = YES;
				GCC_WARN_UNINITIALIZED_AUTOS = YES_AGGRESSIVE;
				GCC_WARN_UNUSED_FUNCTION = YES;
				GCC_WARN_UNUSED_VARIABLE = YES;
				IPHONEOS_DEPLOYMENT_TARGET = 14.0;
				MTL_ENABLE_DEBUG_INFO = INCLUDE_SOURCE;
				MTL_FAST_MATH = YES;
				ONLY_ACTIVE_ARCH = YES;
				SDKROOT = iphoneos;
				SWIFT_ACTIVE_COMPILATION_CONDITIONS = DEBUG;
				SWIFT_OPTIMIZATION_LEVEL = "-Onone";
			};
			name = Debug;
		};
		4FB6A61224E0083D008E6BAF /* Release */ = {
			isa = XCBuildConfiguration;
			buildSettings = {
				ALWAYS_SEARCH_USER_PATHS = NO;
				CLANG_ANALYZER_NONNULL = YES;
				CLANG_ANALYZER_NUMBER_OBJECT_CONVERSION = YES_AGGRESSIVE;
				CLANG_CXX_LANGUAGE_STANDARD = "gnu++14";
				CLANG_CXX_LIBRARY = "libc++";
				CLANG_ENABLE_MODULES = YES;
				CLANG_ENABLE_OBJC_ARC = YES;
				CLANG_ENABLE_OBJC_WEAK = YES;
				CLANG_WARN_BLOCK_CAPTURE_AUTORELEASING = YES;
				CLANG_WARN_BOOL_CONVERSION = YES;
				CLANG_WARN_COMMA = YES;
				CLANG_WARN_CONSTANT_CONVERSION = YES;
				CLANG_WARN_DEPRECATED_OBJC_IMPLEMENTATIONS = YES;
				CLANG_WARN_DIRECT_OBJC_ISA_USAGE = YES_ERROR;
				CLANG_WARN_DOCUMENTATION_COMMENTS = YES;
				CLANG_WARN_EMPTY_BODY = YES;
				CLANG_WARN_ENUM_CONVERSION = YES;
				CLANG_WARN_INFINITE_RECURSION = YES;
				CLANG_WARN_INT_CONVERSION = YES;
				CLANG_WARN_NON_LITERAL_NULL_CONVERSION = YES;
				CLANG_WARN_OBJC_IMPLICIT_RETAIN_SELF = YES;
				CLANG_WARN_OBJC_LITERAL_CONVERSION = YES;
				CLANG_WARN_OBJC_ROOT_CLASS = YES_ERROR;
				CLANG_WARN_QUOTED_INCLUDE_IN_FRAMEWORK_HEADER = YES;
				CLANG_WARN_RANGE_LOOP_ANALYSIS = YES;
				CLANG_WARN_STRICT_PROTOTYPES = YES;
				CLANG_WARN_SUSPICIOUS_MOVE = YES;
				CLANG_WARN_UNGUARDED_AVAILABILITY = YES_AGGRESSIVE;
				CLANG_WARN_UNREACHABLE_CODE = YES;
				CLANG_WARN__DUPLICATE_METHOD_MATCH = YES;
				COPY_PHASE_STRIP = NO;
				DEBUG_INFORMATION_FORMAT = "dwarf-with-dsym";
				ENABLE_NS_ASSERTIONS = NO;
				ENABLE_STRICT_OBJC_MSGSEND = YES;
				GCC_C_LANGUAGE_STANDARD = gnu11;
				GCC_NO_COMMON_BLOCKS = YES;
				GCC_WARN_64_TO_32_BIT_CONVERSION = YES;
				GCC_WARN_ABOUT_RETURN_TYPE = YES_ERROR;
				GCC_WARN_UNDECLARED_SELECTOR = YES;
				GCC_WARN_UNINITIALIZED_AUTOS = YES_AGGRESSIVE;
				GCC_WARN_UNUSED_FUNCTION = YES;
				GCC_WARN_UNUSED_VARIABLE = YES;
				IPHONEOS_DEPLOYMENT_TARGET = 14.0;
				MTL_ENABLE_DEBUG_INFO = NO;
				MTL_FAST_MATH = YES;
				SDKROOT = iphoneos;
				SWIFT_COMPILATION_MODE = wholemodule;
				SWIFT_OPTIMIZATION_LEVEL = "-O";
				VALIDATE_PRODUCT = YES;
			};
			name = Release;
		};
		4FB6A61424E0083D008E6BAF /* Debug */ = {
			isa = XCBuildConfiguration;
			buildSettings = {
				ASSETCATALOG_COMPILER_APPICON_NAME = AppIcon;
				ASSETCATALOG_COMPILER_GLOBAL_ACCENT_COLOR_NAME = AccentColor;
				CODE_SIGN_ENTITLEMENTS = "Your Thoughts/Your Thoughts.entitlements";
				CODE_SIGN_STYLE = Automatic;
				DEVELOPMENT_TEAM = TAZG5QA452;
				INFOPLIST_FILE = "Your Thoughts/Info.plist";
				IPHONEOS_DEPLOYMENT_TARGET = 13.0;
				"IPHONEOS_DEPLOYMENT_TARGET[sdk=macosx*]" = 14.0;
				LD_RUNPATH_SEARCH_PATHS = (
					"$(inherited)",
					"@executable_path/Frameworks",
				);
				PRODUCT_BUNDLE_IDENTIFIER = VelocityApps.YourThoughts;
				PRODUCT_NAME = "$(TARGET_NAME)";
				SUPPORTS_MACCATALYST = YES;
				SWIFT_VERSION = 5.0;
				TARGETED_DEVICE_FAMILY = "1,2,6";
			};
			name = Debug;
		};
		4FB6A61524E0083D008E6BAF /* Release */ = {
			isa = XCBuildConfiguration;
			buildSettings = {
				ASSETCATALOG_COMPILER_APPICON_NAME = AppIcon;
				ASSETCATALOG_COMPILER_GLOBAL_ACCENT_COLOR_NAME = AccentColor;
				CODE_SIGN_ENTITLEMENTS = "Your Thoughts/Your Thoughts.entitlements";
				CODE_SIGN_STYLE = Automatic;
				DEVELOPMENT_TEAM = TAZG5QA452;
				INFOPLIST_FILE = "Your Thoughts/Info.plist";
				IPHONEOS_DEPLOYMENT_TARGET = 13.0;
				"IPHONEOS_DEPLOYMENT_TARGET[sdk=macosx*]" = 14.0;
				LD_RUNPATH_SEARCH_PATHS = (
					"$(inherited)",
					"@executable_path/Frameworks",
				);
				PRODUCT_BUNDLE_IDENTIFIER = VelocityApps.YourThoughts;
				PRODUCT_NAME = "$(TARGET_NAME)";
				SUPPORTS_MACCATALYST = YES;
				SWIFT_VERSION = 5.0;
				TARGETED_DEVICE_FAMILY = "1,2,6";
			};
			name = Release;
		};
		4FB6A61724E0083D008E6BAF /* Debug */ = {
			isa = XCBuildConfiguration;
			buildSettings = {
				ALWAYS_EMBED_SWIFT_STANDARD_LIBRARIES = YES;
				BUNDLE_LOADER = "$(TEST_HOST)";
				CODE_SIGN_STYLE = Automatic;
				DEVELOPMENT_TEAM = TAZG5QA452;
				INFOPLIST_FILE = "Your ThoughtsTests/Info.plist";
				IPHONEOS_DEPLOYMENT_TARGET = 14.0;
				LD_RUNPATH_SEARCH_PATHS = (
					"$(inherited)",
					"@executable_path/Frameworks",
					"@loader_path/Frameworks",
				);
				PRODUCT_BUNDLE_IDENTIFIER = "VelocityApps.Your-ThoughtsTests";
				PRODUCT_NAME = "$(TARGET_NAME)";
				SWIFT_VERSION = 5.0;
				TARGETED_DEVICE_FAMILY = "1,2";
				TEST_HOST = "$(BUILT_PRODUCTS_DIR)/Your Thoughts.app/Your Thoughts";
			};
			name = Debug;
		};
		4FB6A61824E0083D008E6BAF /* Release */ = {
			isa = XCBuildConfiguration;
			buildSettings = {
				ALWAYS_EMBED_SWIFT_STANDARD_LIBRARIES = YES;
				BUNDLE_LOADER = "$(TEST_HOST)";
				CODE_SIGN_STYLE = Automatic;
				DEVELOPMENT_TEAM = TAZG5QA452;
				INFOPLIST_FILE = "Your ThoughtsTests/Info.plist";
				IPHONEOS_DEPLOYMENT_TARGET = 14.0;
				LD_RUNPATH_SEARCH_PATHS = (
					"$(inherited)",
					"@executable_path/Frameworks",
					"@loader_path/Frameworks",
				);
				PRODUCT_BUNDLE_IDENTIFIER = "VelocityApps.Your-ThoughtsTests";
				PRODUCT_NAME = "$(TARGET_NAME)";
				SWIFT_VERSION = 5.0;
				TARGETED_DEVICE_FAMILY = "1,2";
				TEST_HOST = "$(BUILT_PRODUCTS_DIR)/Your Thoughts.app/Your Thoughts";
			};
			name = Release;
		};
		4FB6A61A24E0083D008E6BAF /* Debug */ = {
			isa = XCBuildConfiguration;
			buildSettings = {
				ALWAYS_EMBED_SWIFT_STANDARD_LIBRARIES = YES;
				CODE_SIGN_STYLE = Automatic;
				DEVELOPMENT_TEAM = TAZG5QA452;
				INFOPLIST_FILE = "Your ThoughtsUITests/Info.plist";
				LD_RUNPATH_SEARCH_PATHS = (
					"$(inherited)",
					"@executable_path/Frameworks",
					"@loader_path/Frameworks",
				);
				PRODUCT_BUNDLE_IDENTIFIER = "VelocityApps.Your-ThoughtsUITests";
				PRODUCT_NAME = "$(TARGET_NAME)";
				SWIFT_VERSION = 5.0;
				TARGETED_DEVICE_FAMILY = "1,2";
				TEST_TARGET_NAME = "Your Thoughts";
			};
			name = Debug;
		};
		4FB6A61B24E0083D008E6BAF /* Release */ = {
			isa = XCBuildConfiguration;
			buildSettings = {
				ALWAYS_EMBED_SWIFT_STANDARD_LIBRARIES = YES;
				CODE_SIGN_STYLE = Automatic;
				DEVELOPMENT_TEAM = TAZG5QA452;
				INFOPLIST_FILE = "Your ThoughtsUITests/Info.plist";
				LD_RUNPATH_SEARCH_PATHS = (
					"$(inherited)",
					"@executable_path/Frameworks",
					"@loader_path/Frameworks",
				);
				PRODUCT_BUNDLE_IDENTIFIER = "VelocityApps.Your-ThoughtsUITests";
				PRODUCT_NAME = "$(TARGET_NAME)";
				SWIFT_VERSION = 5.0;
				TARGETED_DEVICE_FAMILY = "1,2";
				TEST_TARGET_NAME = "Your Thoughts";
			};
			name = Release;
		};
/* End XCBuildConfiguration section */

/* Begin XCConfigurationList section */
		4FB6A5E424E00839008E6BAF /* Build configuration list for PBXProject "Your Thoughts" */ = {
			isa = XCConfigurationList;
			buildConfigurations = (
				4FB6A61124E0083D008E6BAF /* Debug */,
				4FB6A61224E0083D008E6BAF /* Release */,
			);
			defaultConfigurationIsVisible = 0;
			defaultConfigurationName = Release;
		};
		4FB6A61324E0083D008E6BAF /* Build configuration list for PBXNativeTarget "Your Thoughts" */ = {
			isa = XCConfigurationList;
			buildConfigurations = (
				4FB6A61424E0083D008E6BAF /* Debug */,
				4FB6A61524E0083D008E6BAF /* Release */,
			);
			defaultConfigurationIsVisible = 0;
			defaultConfigurationName = Release;
		};
		4FB6A61624E0083D008E6BAF /* Build configuration list for PBXNativeTarget "Your ThoughtsTests" */ = {
			isa = XCConfigurationList;
			buildConfigurations = (
				4FB6A61724E0083D008E6BAF /* Debug */,
				4FB6A61824E0083D008E6BAF /* Release */,
			);
			defaultConfigurationIsVisible = 0;
			defaultConfigurationName = Release;
		};
		4FB6A61924E0083D008E6BAF /* Build configuration list for PBXNativeTarget "Your ThoughtsUITests" */ = {
			isa = XCConfigurationList;
			buildConfigurations = (
				4FB6A61A24E0083D008E6BAF /* Debug */,
				4FB6A61B24E0083D008E6BAF /* Release */,
			);
			defaultConfigurationIsVisible = 0;
			defaultConfigurationName = Release;
		};
/* End XCConfigurationList section */
	};
	rootObject = 4FB6A5E124E00839008E6BAF /* Project object */;
}
